// !$*UTF8*$!
{
	archiveVersion = 1;
	classes = {
	};
	objectVersion = 55;
	objects = {

/* Begin PBXBuildFile section */
		334E3E12921CB022EC31AD37 /* Pods_PodCastApp.framework in Frameworks */ = {isa = PBXBuildFile; fileRef = 0C3B3F7D04D851EBFFA69385 /* Pods_PodCastApp.framework */; };
		FA018E832A3F0EF10009AD7A /* SearchResults.swift in Sources */ = {isa = PBXBuildFile; fileRef = FA018E822A3F0EF10009AD7A /* SearchResults.swift */; };
		FA0BE3F82A40F9E600B9E9BB /* EpisodesViewController.swift in Sources */ = {isa = PBXBuildFile; fileRef = FA0BE3F72A40F9E600B9E9BB /* EpisodesViewController.swift */; };
		FA0BE3FA2A40FED400B9E9BB /* Episode.swift in Sources */ = {isa = PBXBuildFile; fileRef = FA0BE3F92A40FED400B9E9BB /* Episode.swift */; };
		FA429DAD2A40D96600DF112D /* APIService.swift in Sources */ = {isa = PBXBuildFile; fileRef = FA429DAC2A40D96600DF112D /* APIService.swift */; };
		FA429DB22A40DF7100DF112D /* PodcastCell.swift in Sources */ = {isa = PBXBuildFile; fileRef = FA429DB12A40DF7100DF112D /* PodcastCell.swift */; };
		FAAB4F612A3E0E8100453F57 /* AppDelegate.swift in Sources */ = {isa = PBXBuildFile; fileRef = FAAB4F602A3E0E8100453F57 /* AppDelegate.swift */; };
		FAAB4F632A3E0E8100453F57 /* SceneDelegate.swift in Sources */ = {isa = PBXBuildFile; fileRef = FAAB4F622A3E0E8100453F57 /* SceneDelegate.swift */; };
		FAAB4F652A3E0E8100453F57 /* ViewController.swift in Sources */ = {isa = PBXBuildFile; fileRef = FAAB4F642A3E0E8100453F57 /* ViewController.swift */; };
		FAAB4F6A2A3E0E8600453F57 /* Assets.xcassets in Resources */ = {isa = PBXBuildFile; fileRef = FAAB4F692A3E0E8600453F57 /* Assets.xcassets */; };
		FAAB4F6D2A3E0E8600453F57 /* LaunchScreen.storyboard in Resources */ = {isa = PBXBuildFile; fileRef = FAAB4F6B2A3E0E8600453F57 /* LaunchScreen.storyboard */; };
		FAAB4F752A3E105A00453F57 /* MainTabBarController.swift in Sources */ = {isa = PBXBuildFile; fileRef = FAAB4F742A3E105A00453F57 /* MainTabBarController.swift */; };
		FAAB4F782A3E5A2200453F57 /* PodcastSearchController.swift in Sources */ = {isa = PBXBuildFile; fileRef = FAAB4F772A3E5A2200453F57 /* PodcastSearchController.swift */; };
		FAAB4F7B2A3E5A8000453F57 /* Podcast.swift in Sources */ = {isa = PBXBuildFile; fileRef = FAAB4F7A2A3E5A8000453F57 /* Podcast.swift */; };
/* End PBXBuildFile section */

/* Begin PBXFileReference section */
		0C3B3F7D04D851EBFFA69385 /* Pods_PodCastApp.framework */ = {isa = PBXFileReference; explicitFileType = wrapper.framework; includeInIndex = 0; path = Pods_PodCastApp.framework; sourceTree = BUILT_PRODUCTS_DIR; };
		20B5CDBE7BC2F00335DBBEAE /* Pods-PodCastApp.debug.xcconfig */ = {isa = PBXFileReference; includeInIndex = 1; lastKnownFileType = text.xcconfig; name = "Pods-PodCastApp.debug.xcconfig"; path = "Target Support Files/Pods-PodCastApp/Pods-PodCastApp.debug.xcconfig"; sourceTree = "<group>"; };
		A6010BF491169EF6B78F5E2D /* Pods-PodCastApp.release.xcconfig */ = {isa = PBXFileReference; includeInIndex = 1; lastKnownFileType = text.xcconfig; name = "Pods-PodCastApp.release.xcconfig"; path = "Target Support Files/Pods-PodCastApp/Pods-PodCastApp.release.xcconfig"; sourceTree = "<group>"; };
		FA018E822A3F0EF10009AD7A /* SearchResults.swift */ = {isa = PBXFileReference; lastKnownFileType = sourcecode.swift; path = SearchResults.swift; sourceTree = "<group>"; };
		FA0BE3F72A40F9E600B9E9BB /* EpisodesViewController.swift */ = {isa = PBXFileReference; lastKnownFileType = sourcecode.swift; path = EpisodesViewController.swift; sourceTree = "<group>"; };
		FA0BE3F92A40FED400B9E9BB /* Episode.swift */ = {isa = PBXFileReference; lastKnownFileType = sourcecode.swift; path = Episode.swift; sourceTree = "<group>"; };
		FA429DAC2A40D96600DF112D /* APIService.swift */ = {isa = PBXFileReference; lastKnownFileType = sourcecode.swift; path = APIService.swift; sourceTree = "<group>"; };
		FA429DB12A40DF7100DF112D /* PodcastCell.swift */ = {isa = PBXFileReference; lastKnownFileType = sourcecode.swift; path = PodcastCell.swift; sourceTree = "<group>"; };
		FAAB4F5D2A3E0E8100453F57 /* PodCastApp.app */ = {isa = PBXFileReference; explicitFileType = wrapper.application; includeInIndex = 0; path = PodCastApp.app; sourceTree = BUILT_PRODUCTS_DIR; };
		FAAB4F602A3E0E8100453F57 /* AppDelegate.swift */ = {isa = PBXFileReference; lastKnownFileType = sourcecode.swift; path = AppDelegate.swift; sourceTree = "<group>"; };
		FAAB4F622A3E0E8100453F57 /* SceneDelegate.swift */ = {isa = PBXFileReference; lastKnownFileType = sourcecode.swift; path = SceneDelegate.swift; sourceTree = "<group>"; };
		FAAB4F642A3E0E8100453F57 /* ViewController.swift */ = {isa = PBXFileReference; lastKnownFileType = sourcecode.swift; path = ViewController.swift; sourceTree = "<group>"; };
		FAAB4F692A3E0E8600453F57 /* Assets.xcassets */ = {isa = PBXFileReference; lastKnownFileType = folder.assetcatalog; path = Assets.xcassets; sourceTree = "<group>"; };
		FAAB4F6C2A3E0E8600453F57 /* Base */ = {isa = PBXFileReference; lastKnownFileType = file.storyboard; name = Base; path = Base.lproj/LaunchScreen.storyboard; sourceTree = "<group>"; };
		FAAB4F6E2A3E0E8600453F57 /* Info.plist */ = {isa = PBXFileReference; lastKnownFileType = text.plist.xml; path = Info.plist; sourceTree = "<group>"; };
		FAAB4F742A3E105A00453F57 /* MainTabBarController.swift */ = {isa = PBXFileReference; lastKnownFileType = sourcecode.swift; path = MainTabBarController.swift; sourceTree = "<group>"; };
		FAAB4F772A3E5A2200453F57 /* PodcastSearchController.swift */ = {isa = PBXFileReference; lastKnownFileType = sourcecode.swift; path = PodcastSearchController.swift; sourceTree = "<group>"; };
		FAAB4F7A2A3E5A8000453F57 /* Podcast.swift */ = {isa = PBXFileReference; lastKnownFileType = sourcecode.swift; path = Podcast.swift; sourceTree = "<group>"; };
/* End PBXFileReference section */

/* Begin PBXFrameworksBuildPhase section */
		FAAB4F5A2A3E0E8100453F57 /* Frameworks */ = {
			isa = PBXFrameworksBuildPhase;
			buildActionMask = 2147483647;
			files = (
				334E3E12921CB022EC31AD37 /* Pods_PodCastApp.framework in Frameworks */,
			);
			runOnlyForDeploymentPostprocessing = 0;
		};
/* End PBXFrameworksBuildPhase section */

/* Begin PBXGroup section */
		93159D3E317CA01A75A88E42 /* Frameworks */ = {
			isa = PBXGroup;
			children = (
				0C3B3F7D04D851EBFFA69385 /* Pods_PodCastApp.framework */,
			);
			name = Frameworks;
			sourceTree = "<group>";
		};
		A297D7F40B5270A775B16B09 /* Pods */ = {
			isa = PBXGroup;
			children = (
				20B5CDBE7BC2F00335DBBEAE /* Pods-PodCastApp.debug.xcconfig */,
				A6010BF491169EF6B78F5E2D /* Pods-PodCastApp.release.xcconfig */,
			);
			path = Pods;
			sourceTree = "<group>";
		};
		FA429DAB2A40D95600DF112D /* API */ = {
			isa = PBXGroup;
			children = (
				FA429DAC2A40D96600DF112D /* APIService.swift */,
			);
			path = API;
			sourceTree = "<group>";
		};
		FA429DAE2A40DEF900DF112D /* Views */ = {
			isa = PBXGroup;
			children = (
				FA429DB12A40DF7100DF112D /* PodcastCell.swift */,
			);
			path = Views;
			sourceTree = "<group>";
		};
		FAAB4F542A3E0E8100453F57 = {
			isa = PBXGroup;
			children = (
				FAAB4F5F2A3E0E8100453F57 /* PodCastApp */,
				FAAB4F5E2A3E0E8100453F57 /* Products */,
				A297D7F40B5270A775B16B09 /* Pods */,
				93159D3E317CA01A75A88E42 /* Frameworks */,
			);
			sourceTree = "<group>";
		};
		FAAB4F5E2A3E0E8100453F57 /* Products */ = {
			isa = PBXGroup;
			children = (
				FAAB4F5D2A3E0E8100453F57 /* PodCastApp.app */,
			);
			name = Products;
			sourceTree = "<group>";
		};
		FAAB4F5F2A3E0E8100453F57 /* PodCastApp */ = {
			isa = PBXGroup;
			children = (
				FA429DAB2A40D95600DF112D /* API */,
				FAAB4F792A3E5A7500453F57 /* Models */,
				FA429DAE2A40DEF900DF112D /* Views */,
				FAAB4F762A3E5A1100453F57 /* Controllers */,
				FAAB4F602A3E0E8100453F57 /* AppDelegate.swift */,
				FAAB4F622A3E0E8100453F57 /* SceneDelegate.swift */,
				FAAB4F642A3E0E8100453F57 /* ViewController.swift */,
				FAAB4F692A3E0E8600453F57 /* Assets.xcassets */,
				FAAB4F6B2A3E0E8600453F57 /* LaunchScreen.storyboard */,
				FAAB4F6E2A3E0E8600453F57 /* Info.plist */,
				FAAB4F742A3E105A00453F57 /* MainTabBarController.swift */,
			);
			path = PodCastApp;
			sourceTree = "<group>";
		};
		FAAB4F762A3E5A1100453F57 /* Controllers */ = {
			isa = PBXGroup;
			children = (
				FAAB4F772A3E5A2200453F57 /* PodcastSearchController.swift */,
				FA0BE3F72A40F9E600B9E9BB /* EpisodesViewController.swift */,
			);
			path = Controllers;
			sourceTree = "<group>";
		};
		FAAB4F792A3E5A7500453F57 /* Models */ = {
			isa = PBXGroup;
			children = (
				FAAB4F7A2A3E5A8000453F57 /* Podcast.swift */,
				FA018E822A3F0EF10009AD7A /* SearchResults.swift */,
				FA0BE3F92A40FED400B9E9BB /* Episode.swift */,
			);
			path = Models;
			sourceTree = "<group>";
		};
/* End PBXGroup section */

/* Begin PBXNativeTarget section */
		FAAB4F5C2A3E0E8100453F57 /* PodCastApp */ = {
			isa = PBXNativeTarget;
			buildConfigurationList = FAAB4F712A3E0E8600453F57 /* Build configuration list for PBXNativeTarget "PodCastApp" */;
			buildPhases = (
				AE18F84240649412DE3C9DB7 /* [CP] Check Pods Manifest.lock */,
				FAAB4F592A3E0E8100453F57 /* Sources */,
				FAAB4F5A2A3E0E8100453F57 /* Frameworks */,
				FAAB4F5B2A3E0E8100453F57 /* Resources */,
				E9D59E40B0E4FD7693CEE9F0 /* [CP] Embed Pods Frameworks */,
			);
			buildRules = (
			);
			dependencies = (
			);
			name = PodCastApp;
			productName = PodCastApp;
			productReference = FAAB4F5D2A3E0E8100453F57 /* PodCastApp.app */;
			productType = "com.apple.product-type.application";
		};
/* End PBXNativeTarget section */

/* Begin PBXProject section */
		FAAB4F552A3E0E8100453F57 /* Project object */ = {
			isa = PBXProject;
			attributes = {
				BuildIndependentTargetsInParallel = 1;
				LastSwiftUpdateCheck = 1340;
				LastUpgradeCheck = 1340;
				TargetAttributes = {
					FAAB4F5C2A3E0E8100453F57 = {
						CreatedOnToolsVersion = 13.4.1;
					};
				};
			};
			buildConfigurationList = FAAB4F582A3E0E8100453F57 /* Build configuration list for PBXProject "PodCastApp" */;
			compatibilityVersion = "Xcode 13.0";
			developmentRegion = en;
			hasScannedForEncodings = 0;
			knownRegions = (
				en,
				Base,
			);
			mainGroup = FAAB4F542A3E0E8100453F57;
			productRefGroup = FAAB4F5E2A3E0E8100453F57 /* Products */;
			projectDirPath = "";
			projectRoot = "";
			targets = (
				FAAB4F5C2A3E0E8100453F57 /* PodCastApp */,
			);
		};
/* End PBXProject section */

/* Begin PBXResourcesBuildPhase section */
		FAAB4F5B2A3E0E8100453F57 /* Resources */ = {
			isa = PBXResourcesBuildPhase;
			buildActionMask = 2147483647;
			files = (
				FAAB4F6D2A3E0E8600453F57 /* LaunchScreen.storyboard in Resources */,
				FAAB4F6A2A3E0E8600453F57 /* Assets.xcassets in Resources */,
			);
			runOnlyForDeploymentPostprocessing = 0;
		};
/* End PBXResourcesBuildPhase section */

/* Begin PBXShellScriptBuildPhase section */
		AE18F84240649412DE3C9DB7 /* [CP] Check Pods Manifest.lock */ = {
			isa = PBXShellScriptBuildPhase;
			buildActionMask = 2147483647;
			files = (
			);
			inputFileListPaths = (
			);
			inputPaths = (
				"${PODS_PODFILE_DIR_PATH}/Podfile.lock",
				"${PODS_ROOT}/Manifest.lock",
			);
			name = "[CP] Check Pods Manifest.lock";
			outputFileListPaths = (
			);
			outputPaths = (
				"$(DERIVED_FILE_DIR)/Pods-PodCastApp-checkManifestLockResult.txt",
			);
			runOnlyForDeploymentPostprocessing = 0;
			shellPath = /bin/sh;
			shellScript = "diff \"${PODS_PODFILE_DIR_PATH}/Podfile.lock\" \"${PODS_ROOT}/Manifest.lock\" > /dev/null\nif [ $? != 0 ] ; then\n    # print error to STDERR\n    echo \"error: The sandbox is not in sync with the Podfile.lock. Run 'pod install' or update your CocoaPods installation.\" >&2\n    exit 1\nfi\n# This output is used by Xcode 'outputs' to avoid re-running this script phase.\necho \"SUCCESS\" > \"${SCRIPT_OUTPUT_FILE_0}\"\n";
			showEnvVarsInLog = 0;
		};
		E9D59E40B0E4FD7693CEE9F0 /* [CP] Embed Pods Frameworks */ = {
			isa = PBXShellScriptBuildPhase;
			buildActionMask = 2147483647;
			files = (
			);
			inputFileListPaths = (
				"${PODS_ROOT}/Target Support Files/Pods-PodCastApp/Pods-PodCastApp-frameworks-${CONFIGURATION}-input-files.xcfilelist",
			);
			name = "[CP] Embed Pods Frameworks";
			outputFileListPaths = (
				"${PODS_ROOT}/Target Support Files/Pods-PodCastApp/Pods-PodCastApp-frameworks-${CONFIGURATION}-output-files.xcfilelist",
			);
			runOnlyForDeploymentPostprocessing = 0;
			shellPath = /bin/sh;
			shellScript = "\"${PODS_ROOT}/Target Support Files/Pods-PodCastApp/Pods-PodCastApp-frameworks.sh\"\n";
			showEnvVarsInLog = 0;
		};
/* End PBXShellScriptBuildPhase section */

/* Begin PBXSourcesBuildPhase section */
		FAAB4F592A3E0E8100453F57 /* Sources */ = {
			isa = PBXSourcesBuildPhase;
			buildActionMask = 2147483647;
			files = (
				FA0BE3F82A40F9E600B9E9BB /* EpisodesViewController.swift in Sources */,
				FAAB4F782A3E5A2200453F57 /* PodcastSearchController.swift in Sources */,
				FAAB4F652A3E0E8100453F57 /* ViewController.swift in Sources */,
				FAAB4F7B2A3E5A8000453F57 /* Podcast.swift in Sources */,
				FAAB4F612A3E0E8100453F57 /* AppDelegate.swift in Sources */,
				FA0BE3FA2A40FED400B9E9BB /* Episode.swift in Sources */,
				FA018E832A3F0EF10009AD7A /* SearchResults.swift in Sources */,
				FAAB4F752A3E105A00453F57 /* MainTabBarController.swift in Sources */,
				FA429DAD2A40D96600DF112D /* APIService.swift in Sources */,
				FA429DB22A40DF7100DF112D /* PodcastCell.swift in Sources */,
				FAAB4F632A3E0E8100453F57 /* SceneDelegate.swift in Sources */,
			);
			runOnlyForDeploymentPostprocessing = 0;
		};
/* End PBXSourcesBuildPhase section */

/* Begin PBXVariantGroup section */
		FAAB4F6B2A3E0E8600453F57 /* LaunchScreen.storyboard */ = {
			isa = PBXVariantGroup;
			children = (
				FAAB4F6C2A3E0E8600453F57 /* Base */,
			);
			name = LaunchScreen.storyboard;
			sourceTree = "<group>";
		};
/* End PBXVariantGroup section */

/* Begin XCBuildConfiguration section */
		FAAB4F6F2A3E0E8600453F57 /* Debug */ = {
			isa = XCBuildConfiguration;
			buildSettings = {
				ALWAYS_SEARCH_USER_PATHS = NO;
				CLANG_ANALYZER_NONNULL = YES;
				CLANG_ANALYZER_NUMBER_OBJECT_CONVERSION = YES_AGGRESSIVE;
				CLANG_CXX_LANGUAGE_STANDARD = "gnu++17";
				CLANG_ENABLE_MODULES = YES;
				CLANG_ENABLE_OBJC_ARC = YES;
				CLANG_ENABLE_OBJC_WEAK = YES;
				CLANG_WARN_BLOCK_CAPTURE_AUTORELEASING = YES;
				CLANG_WARN_BOOL_CONVERSION = YES;
				CLANG_WARN_COMMA = YES;
				CLANG_WARN_CONSTANT_CONVERSION = YES;
				CLANG_WARN_DEPRECATED_OBJC_IMPLEMENTATIONS = YES;
				CLANG_WARN_DIRECT_OBJC_ISA_USAGE = YES_ERROR;
				CLANG_WARN_DOCUMENTATION_COMMENTS = YES;
				CLANG_WARN_EMPTY_BODY = YES;
				CLANG_WARN_ENUM_CONVERSION = YES;
				CLANG_WARN_INFINITE_RECURSION = YES;
				CLANG_WARN_INT_CONVERSION = YES;
				CLANG_WARN_NON_LITERAL_NULL_CONVERSION = YES;
				CLANG_WARN_OBJC_IMPLICIT_RETAIN_SELF = YES;
				CLANG_WARN_OBJC_LITERAL_CONVERSION = YES;
				CLANG_WARN_OBJC_ROOT_CLASS = YES_ERROR;
				CLANG_WARN_QUOTED_INCLUDE_IN_FRAMEWORK_HEADER = YES;
				CLANG_WARN_RANGE_LOOP_ANALYSIS = YES;
				CLANG_WARN_STRICT_PROTOTYPES = YES;
				CLANG_WARN_SUSPICIOUS_MOVE = YES;
				CLANG_WARN_UNGUARDED_AVAILABILITY = YES_AGGRESSIVE;
				CLANG_WARN_UNREACHABLE_CODE = YES;
				CLANG_WARN__DUPLICATE_METHOD_MATCH = YES;
				COPY_PHASE_STRIP = NO;
				DEBUG_INFORMATION_FORMAT = dwarf;
				ENABLE_STRICT_OBJC_MSGSEND = YES;
				ENABLE_TESTABILITY = YES;
				GCC_C_LANGUAGE_STANDARD = gnu11;
				GCC_DYNAMIC_NO_PIC = NO;
				GCC_NO_COMMON_BLOCKS = YES;
				GCC_OPTIMIZATION_LEVEL = 0;
				GCC_PREPROCESSOR_DEFINITIONS = (
					"DEBUG=1",
					"$(inherited)",
				);
				GCC_WARN_64_TO_32_BIT_CONVERSION = YES;
				GCC_WARN_ABOUT_RETURN_TYPE = YES_ERROR;
				GCC_WARN_UNDECLARED_SELECTOR = YES;
				GCC_WARN_UNINITIALIZED_AUTOS = YES_AGGRESSIVE;
				GCC_WARN_UNUSED_FUNCTION = YES;
				GCC_WARN_UNUSED_VARIABLE = YES;
				IPHONEOS_DEPLOYMENT_TARGET = 13.0;
				MTL_ENABLE_DEBUG_INFO = INCLUDE_SOURCE;
				MTL_FAST_MATH = YES;
				ONLY_ACTIVE_ARCH = YES;
				SDKROOT = iphoneos;
				SWIFT_ACTIVE_COMPILATION_CONDITIONS = DEBUG;
				SWIFT_OPTIMIZATION_LEVEL = "-Onone";
			};
			name = Debug;
		};
		FAAB4F702A3E0E8600453F57 /* Release */ = {
			isa = XCBuildConfiguration;
			buildSettings = {
				ALWAYS_SEARCH_USER_PATHS = NO;
				CLANG_ANALYZER_NONNULL = YES;
				CLANG_ANALYZER_NUMBER_OBJECT_CONVERSION = YES_AGGRESSIVE;
				CLANG_CXX_LANGUAGE_STANDARD = "gnu++17";
				CLANG_ENABLE_MODULES = YES;
				CLANG_ENABLE_OBJC_ARC = YES;
				CLANG_ENABLE_OBJC_WEAK = YES;
				CLANG_WARN_BLOCK_CAPTURE_AUTORELEASING = YES;
				CLANG_WARN_BOOL_CONVERSION = YES;
				CLANG_WARN_COMMA = YES;
				CLANG_WARN_CONSTANT_CONVERSION = YES;
				CLANG_WARN_DEPRECATED_OBJC_IMPLEMENTATIONS = YES;
				CLANG_WARN_DIRECT_OBJC_ISA_USAGE = YES_ERROR;
				CLANG_WARN_DOCUMENTATION_COMMENTS = YES;
				CLANG_WARN_EMPTY_BODY = YES;
				CLANG_WARN_ENUM_CONVERSION = YES;
				CLANG_WARN_INFINITE_RECURSION = YES;
				CLANG_WARN_INT_CONVERSION = YES;
				CLANG_WARN_NON_LITERAL_NULL_CONVERSION = YES;
				CLANG_WARN_OBJC_IMPLICIT_RETAIN_SELF = YES;
				CLANG_WARN_OBJC_LITERAL_CONVERSION = YES;
				CLANG_WARN_OBJC_ROOT_CLASS = YES_ERROR;
				CLANG_WARN_QUOTED_INCLUDE_IN_FRAMEWORK_HEADER = YES;
				CLANG_WARN_RANGE_LOOP_ANALYSIS = YES;
				CLANG_WARN_STRICT_PROTOTYPES = YES;
				CLANG_WARN_SUSPICIOUS_MOVE = YES;
				CLANG_WARN_UNGUARDED_AVAILABILITY = YES_AGGRESSIVE;
				CLANG_WARN_UNREACHABLE_CODE = YES;
				CLANG_WARN__DUPLICATE_METHOD_MATCH = YES;
				COPY_PHASE_STRIP = NO;
				DEBUG_INFORMATION_FORMAT = "dwarf-with-dsym";
				ENABLE_NS_ASSERTIONS = NO;
				ENABLE_STRICT_OBJC_MSGSEND = YES;
				GCC_C_LANGUAGE_STANDARD = gnu11;
				GCC_NO_COMMON_BLOCKS = YES;
				GCC_WARN_64_TO_32_BIT_CONVERSION = YES;
				GCC_WARN_ABOUT_RETURN_TYPE = YES_ERROR;
				GCC_WARN_UNDECLARED_SELECTOR = YES;
				GCC_WARN_UNINITIALIZED_AUTOS = YES_AGGRESSIVE;
				GCC_WARN_UNUSED_FUNCTION = YES;
				GCC_WARN_UNUSED_VARIABLE = YES;
				IPHONEOS_DEPLOYMENT_TARGET = 13.0;
				MTL_ENABLE_DEBUG_INFO = NO;
				MTL_FAST_MATH = YES;
				SDKROOT = iphoneos;
				SWIFT_COMPILATION_MODE = wholemodule;
				SWIFT_OPTIMIZATION_LEVEL = "-O";
				VALIDATE_PRODUCT = YES;
			};
			name = Release;
		};
		FAAB4F722A3E0E8600453F57 /* Debug */ = {
			isa = XCBuildConfiguration;
			baseConfigurationReference = 20B5CDBE7BC2F00335DBBEAE /* Pods-PodCastApp.debug.xcconfig */;
			buildSettings = {
				ASSETCATALOG_COMPILER_APPICON_NAME = AppIcon;
				ASSETCATALOG_COMPILER_GLOBAL_ACCENT_COLOR_NAME = AccentColor;
				CODE_SIGN_STYLE = Automatic;
				CURRENT_PROJECT_VERSION = 1;
				GENERATE_INFOPLIST_FILE = YES;
				INFOPLIST_FILE = PodCastApp/Info.plist;
				INFOPLIST_KEY_UIApplicationSupportsIndirectInputEvents = YES;
				INFOPLIST_KEY_UILaunchStoryboardName = LaunchScreen;
				INFOPLIST_KEY_UISupportedInterfaceOrientations_iPad = "UIInterfaceOrientationPortrait UIInterfaceOrientationPortraitUpsideDown UIInterfaceOrientationLandscapeLeft UIInterfaceOrientationLandscapeRight";
				INFOPLIST_KEY_UISupportedInterfaceOrientations_iPhone = "UIInterfaceOrientationPortrait UIInterfaceOrientationLandscapeLeft UIInterfaceOrientationLandscapeRight";
				LD_RUNPATH_SEARCH_PATHS = (
					"$(inherited)",
					"@executable_path/Frameworks",
				);
				MARKETING_VERSION = 1.0;
				PRODUCT_BUNDLE_IDENTIFIER = okan.PodCastApp;
				PRODUCT_NAME = "$(TARGET_NAME)";
				SWIFT_EMIT_LOC_STRINGS = YES;
				SWIFT_VERSION = 5.0;
				TARGETED_DEVICE_FAMILY = "1,2";
			};
			name = Debug;
		};
		FAAB4F732A3E0E8600453F57 /* Release */ = {
			isa = XCBuildConfiguration;
			baseConfigurationReference = A6010BF491169EF6B78F5E2D /* Pods-PodCastApp.release.xcconfig */;
			buildSettings = {
				ASSETCATALOG_COMPILER_APPICON_NAME = AppIcon;
				ASSETCATALOG_COMPILER_GLOBAL_ACCENT_COLOR_NAME = AccentColor;
				CODE_SIGN_STYLE = Automatic;
				CURRENT_PROJECT_VERSION = 1;
				GENERATE_INFOPLIST_FILE = YES;
				INFOPLIST_FILE = PodCastApp/Info.plist;
				INFOPLIST_KEY_UIApplicationSupportsIndirectInputEvents = YES;
				INFOPLIST_KEY_UILaunchStoryboardName = LaunchScreen;
				INFOPLIST_KEY_UISupportedInterfaceOrientations_iPad = "UIInterfaceOrientationPortrait UIInterfaceOrientationPortraitUpsideDown UIInterfaceOrientationLandscapeLeft UIInterfaceOrientationLandscapeRight";
				INFOPLIST_KEY_UISupportedInterfaceOrientations_iPhone = "UIInterfaceOrientationPortrait UIInterfaceOrientationLandscapeLeft UIInterfaceOrientationLandscapeRight";
				LD_RUNPATH_SEARCH_PATHS = (
					"$(inherited)",
					"@executable_path/Frameworks",
				);
				MARKETING_VERSION = 1.0;
				PRODUCT_BUNDLE_IDENTIFIER = okan.PodCastApp;
				PRODUCT_NAME = "$(TARGET_NAME)";
				SWIFT_EMIT_LOC_STRINGS = YES;
				SWIFT_VERSION = 5.0;
				TARGETED_DEVICE_FAMILY = "1,2";
			};
			name = Release;
		};
/* End XCBuildConfiguration section */

/* Begin XCConfigurationList section */
		FAAB4F582A3E0E8100453F57 /* Build configuration list for PBXProject "PodCastApp" */ = {
			isa = XCConfigurationList;
			buildConfigurations = (
				FAAB4F6F2A3E0E8600453F57 /* Debug */,
				FAAB4F702A3E0E8600453F57 /* Release */,
			);
			defaultConfigurationIsVisible = 0;
			defaultConfigurationName = Release;
		};
		FAAB4F712A3E0E8600453F57 /* Build configuration list for PBXNativeTarget "PodCastApp" */ = {
			isa = XCConfigurationList;
			buildConfigurations = (
				FAAB4F722A3E0E8600453F57 /* Debug */,
				FAAB4F732A3E0E8600453F57 /* Release */,
			);
			defaultConfigurationIsVisible = 0;
			defaultConfigurationName = Release;
		};
/* End XCConfigurationList section */
	};
	rootObject = FAAB4F552A3E0E8100453F57 /* Project object */;
}
